<?xml version="1.0" encoding="utf-8"?>
<Project ToolsVersion="4.0" xmlns="http://schemas.microsoft.com/developer/msbuild/2003">
  <ItemGroup>
    <FxCompile Include="VertexShader.hlsl">
      <Filter>リソース</Filter>
    </FxCompile>
    <FxCompile Include="PixelShader.hlsl">
      <Filter>リソース</Filter>
    </FxCompile>
  </ItemGroup>
  <ItemGroup>
    <ClCompile Include="Input.cpp">
      <Filter>その他</Filter>
    </ClCompile>
    <ClCompile Include="main.cpp">
      <Filter>その他</Filter>
    </ClCompile>
    <ClCompile Include="direct3d.cpp">
      <Filter>描画</Filter>
    </ClCompile>
    <ClCompile Include="mapfile.cpp">
      <Filter>描画\ロード</Filter>
    </ClCompile>
    <ClCompile Include="GameScene.cpp">
      <Filter>シーン</Filter>
    </ClCompile>
    <ClCompile Include="BaseScene.cpp">
      <Filter>基礎</Filter>
    </ClCompile>
    <ClCompile Include="Object.cpp">
      <Filter>基礎</Filter>
    </ClCompile>
    <ClCompile Include="Player.cpp">
      <Filter>オブジェクト</Filter>
    </ClCompile>
    <ClCompile Include="Ankou.cpp">
      <Filter>オブジェクト\魚</Filter>
    </ClCompile>
    <ClCompile Include="Kagamidai.cpp">
      <Filter>オブジェクト\魚</Filter>
    </ClCompile>
    <ClCompile Include="Mendako.cpp">
      <Filter>オブジェクト\魚</Filter>
    </ClCompile>
    <ClCompile Include="Onikinme.cpp">
      <Filter>オブジェクト\魚</Filter>
    </ClCompile>
    <ClCompile Include="Light.cpp">
      <Filter>オブジェクト\ギミック</Filter>
    </ClCompile>
    <ClCompile Include="o2.cpp">
      <Filter>オブジェクト\ギミック</Filter>
    </ClCompile>
    <ClCompile Include="Cursol.cpp">
      <Filter>オブジェクト\ギミック</Filter>
    </ClCompile>
    <ClCompile Include="Bubble.cpp">
      <Filter>オブジェクト\ギミック</Filter>
    </ClCompile>
    <ClCompile Include="Kairyu.cpp">
      <Filter>オブジェクト\ギミック</Filter>
    </ClCompile>
    <ClCompile Include="Enemy.cpp">
      <Filter>オブジェクト\魚</Filter>
    </ClCompile>
    <ClCompile Include="ResultScene.cpp">
      <Filter>シーン</Filter>
    </ClCompile>
    <ClCompile Include="SceneManager.cpp">
      <Filter>基礎</Filter>
    </ClCompile>
    <ClCompile Include="SoundCursol.cpp">
      <Filter>オブジェクト\ギミック</Filter>
    </ClCompile>
    <ClCompile Include="StageSelectScene.cpp">
      <Filter>シーン</Filter>
    </ClCompile>
    <ClCompile Include="TextureManager.cpp">
      <Filter>描画\ロード</Filter>
    </ClCompile>
    <ClCompile Include="Trap.cpp">
      <Filter>オブジェクト\ギミック</Filter>
    </ClCompile>
    <ClCompile Include="Wall.cpp">
      <Filter>オブジェクト\ギミック</Filter>
    </ClCompile>
    <ClCompile Include="TitleScene.cpp">
      <Filter>シーン</Filter>
    </ClCompile>
    <ClCompile Include="WICTextureLoader.cpp">
      <Filter>その他</Filter>
    </ClCompile>
    <ClCompile Include="sound.cpp">
      <Filter>その他</Filter>
    </ClCompile>
    <ClCompile Include="Game.cpp">
      <Filter>その他</Filter>
    </ClCompile>
    <ClCompile Include="Camera.cpp">
      <Filter>その他</Filter>
    </ClCompile>
<<<<<<< Updated upstream
    <ClCompile Include="File.cpp">
      <Filter>その他</Filter>
=======
    <ClCompile Include="pauseButton.cpp">
      <Filter>オブジェクト\ギミック</Filter>
>>>>>>> Stashed changes
    </ClCompile>
  </ItemGroup>
  <ItemGroup>
    <ClInclude Include="Input.h">
      <Filter>その他</Filter>
    </ClInclude>
    <ClInclude Include="direct3d.h">
      <Filter>描画</Filter>
    </ClInclude>
    <ClInclude Include="mapfile.h">
      <Filter>描画\ロード</Filter>
    </ClInclude>
    <ClInclude Include="GameScene.h">
      <Filter>シーン</Filter>
    </ClInclude>
    <ClInclude Include="BaseScene.h">
      <Filter>基礎</Filter>
    </ClInclude>
    <ClInclude Include="Object.h">
      <Filter>基礎</Filter>
    </ClInclude>
    <ClInclude Include="Player.h">
      <Filter>オブジェクト</Filter>
    </ClInclude>
    <ClInclude Include="Ankou.h">
      <Filter>オブジェクト\魚</Filter>
    </ClInclude>
    <ClInclude Include="Kagamidai.h">
      <Filter>オブジェクト\魚</Filter>
    </ClInclude>
    <ClInclude Include="Mendako.h">
      <Filter>オブジェクト\魚</Filter>
    </ClInclude>
    <ClInclude Include="Onikinme.h">
      <Filter>オブジェクト\魚</Filter>
    </ClInclude>
    <ClInclude Include="Light.h">
      <Filter>オブジェクト\ギミック</Filter>
    </ClInclude>
    <ClInclude Include="o2.h">
      <Filter>オブジェクト\ギミック</Filter>
    </ClInclude>
    <ClInclude Include="Cursol.h">
      <Filter>オブジェクト\ギミック</Filter>
    </ClInclude>
    <ClInclude Include="Bubble.h">
      <Filter>オブジェクト\ギミック</Filter>
    </ClInclude>
    <ClInclude Include="Kairyu.h">
      <Filter>オブジェクト\ギミック</Filter>
    </ClInclude>
    <ClInclude Include="Enemy.h">
      <Filter>オブジェクト\魚</Filter>
    </ClInclude>
    <ClInclude Include="Random.h">
      <Filter>その他</Filter>
    </ClInclude>
    <ClInclude Include="ResultScene.h">
      <Filter>シーン</Filter>
    </ClInclude>
    <ClInclude Include="SceneManager.h">
      <Filter>基礎</Filter>
    </ClInclude>
    <ClInclude Include="SoundCursol.h">
      <Filter>オブジェクト\ギミック</Filter>
    </ClInclude>
    <ClInclude Include="StageSelectScene.h">
      <Filter>シーン</Filter>
    </ClInclude>
    <ClInclude Include="TextureManager.h">
      <Filter>描画\ロード</Filter>
    </ClInclude>
    <ClInclude Include="Trap.h">
      <Filter>オブジェクト\ギミック</Filter>
    </ClInclude>
    <ClInclude Include="Wall.h">
      <Filter>オブジェクト\ギミック</Filter>
    </ClInclude>
    <ClInclude Include="WICTextureLoader.h">
      <Filter>その他</Filter>
    </ClInclude>
    <ClInclude Include="sound.h">
      <Filter>その他</Filter>
    </ClInclude>
    <ClInclude Include="Game.h">
      <Filter>その他</Filter>
    </ClInclude>
    <ClInclude Include="TitleScene.h">
      <Filter>シーン</Filter>
    </ClInclude>
    <ClInclude Include="Camera.h">
      <Filter>その他</Filter>
    </ClInclude>
<<<<<<< Updated upstream
    <ClInclude Include="File.h">
      <Filter>その他</Filter>
=======
    <ClInclude Include="pauseButton.h">
      <Filter>オブジェクト\ギミック</Filter>
>>>>>>> Stashed changes
    </ClInclude>
  </ItemGroup>
  <ItemGroup>
    <None Include="Data\MAP_STAGE2.csv">
      <Filter>リソース\マップ</Filter>
    </None>
    <None Include="Data\TestData.csv">
      <Filter>リソース\マップ</Filter>
    </None>
  </ItemGroup>
  <ItemGroup>
    <Filter Include="オブジェクト">
      <UniqueIdentifier>{12a51c6e-b889-43f8-a1b7-3e1467ba8956}</UniqueIdentifier>
    </Filter>
    <Filter Include="シーン">
      <UniqueIdentifier>{5e4c7b65-8eb5-4be8-b155-3f6fed569783}</UniqueIdentifier>
    </Filter>
    <Filter Include="その他">
      <UniqueIdentifier>{3b513f20-5aa9-4ffe-a19c-04227cf7432a}</UniqueIdentifier>
    </Filter>
    <Filter Include="リソース">
      <UniqueIdentifier>{126dca85-be77-405b-9289-b676d60a121b}</UniqueIdentifier>
    </Filter>
    <Filter Include="リソース\マップ">
      <UniqueIdentifier>{dc2e5fb7-8731-4fb5-b21a-44b5ab7b7d3c}</UniqueIdentifier>
    </Filter>
    <Filter Include="描画">
      <UniqueIdentifier>{5d325fb0-02c4-4cff-bb16-de169d8c7e0c}</UniqueIdentifier>
    </Filter>
    <Filter Include="描画\ロード">
      <UniqueIdentifier>{ce771093-d630-460f-929b-bd8270c34ccc}</UniqueIdentifier>
    </Filter>
    <Filter Include="基礎">
      <UniqueIdentifier>{4ee3ebb2-831e-48c8-abce-b4306f0ac00d}</UniqueIdentifier>
    </Filter>
    <Filter Include="オブジェクト\魚">
      <UniqueIdentifier>{871ed5ca-8b64-4f4c-aeca-82efbbb40cfa}</UniqueIdentifier>
    </Filter>
    <Filter Include="オブジェクト\ギミック">
      <UniqueIdentifier>{061091ae-3fbc-42f4-b955-9edc348df240}</UniqueIdentifier>
    </Filter>
  </ItemGroup>
</Project>