<?xml version="1.0" encoding="utf-8"?>
<Project ToolsVersion="4.0" xmlns="http://schemas.microsoft.com/developer/msbuild/2003">
  <ItemGroup>
    <Filter Include="ソース ファイル">
      <UniqueIdentifier>{4FC737F1-C7A5-4376-A066-2A32D752A2FF}</UniqueIdentifier>
      <Extensions>cpp;c;cc;cxx;c++;cppm;ixx;def;odl;idl;hpj;bat;asm;asmx</Extensions>
    </Filter>
    <Filter Include="ヘッダー ファイル">
      <UniqueIdentifier>{93995380-89BD-4b04-88EB-625FBE52EBFB}</UniqueIdentifier>
      <Extensions>h;hh;hpp;hxx;h++;hm;inl;inc;ipp;xsd</Extensions>
    </Filter>
    <Filter Include="リソース ファイル">
      <UniqueIdentifier>{67DA6AB6-F800-4c08-8B7A-83BB121AAD01}</UniqueIdentifier>
      <Extensions>rc;ico;cur;bmp;dlg;rc2;rct;bin;rgs;gif;jpg;jpeg;jpe;resx;tiff;tif;png;wav;mfcribbon-ms</Extensions>
    </Filter>
    <Filter Include="Scene">
      <UniqueIdentifier>{518814e7-f616-43a2-8feb-4d1784746008}</UniqueIdentifier>
    </Filter>
    <Filter Include="Scene\BaseScene">
      <UniqueIdentifier>{93abcd77-c035-47b5-b667-80042d057b76}</UniqueIdentifier>
    </Filter>
    <Filter Include="DirectX">
      <UniqueIdentifier>{65d31c61-0003-4056-be34-bbdf7a1adc55}</UniqueIdentifier>
    </Filter>
    <Filter Include="Object">
      <UniqueIdentifier>{1a06bc00-e4a2-4205-b20e-116038450e80}</UniqueIdentifier>
    </Filter>
  </ItemGroup>
  <ItemGroup>
    <ClCompile Include="Input.cpp">
      <Filter>ソース ファイル</Filter>
    </ClCompile>
    <ClCompile Include="main.cpp">
      <Filter>ソース ファイル</Filter>
    </ClCompile>
    <ClCompile Include="GameScene.cpp">
      <Filter>Scene</Filter>
    </ClCompile>
    <ClCompile Include="ResultScene.cpp">
      <Filter>Scene</Filter>
    </ClCompile>
    <ClCompile Include="TitleScene.cpp">
      <Filter>Scene</Filter>
    </ClCompile>
    <ClCompile Include="SceneManager.cpp">
      <Filter>ソース ファイル</Filter>
    </ClCompile>
    <ClCompile Include="direct3d.cpp">
      <Filter>DirectX</Filter>
    </ClCompile>
    <ClCompile Include="WICTextureLoader.cpp">
      <Filter>DirectX</Filter>
    </ClCompile>
    <ClCompile Include="Game.cpp">
      <Filter>ソース ファイル</Filter>
    </ClCompile>
    <ClCompile Include="sound.cpp">
      <Filter>ソース ファイル</Filter>
    </ClCompile>
    <ClCompile Include="BaseScene.cpp">
      <Filter>Scene\BaseScene</Filter>
    </ClCompile>
    <ClCompile Include="mapfile.cpp">
      <Filter>ソース ファイル</Filter>
    </ClCompile>
    <ClCompile Include="TextureManager.cpp">
      <Filter>ソース ファイル</Filter>
    </ClCompile>
    <ClCompile Include="Object.cpp">
      <Filter>Object</Filter>
    </ClCompile>
    <ClCompile Include="Player.cpp">
      <Filter>Object</Filter>
    </ClCompile>
    <ClCompile Include="Wall.cpp">
      <Filter>Object</Filter>
    </ClCompile>
    <ClCompile Include="Enemy.cpp">
      <Filter>Object</Filter>
    </ClCompile>
    <ClCompile Include="Light.cpp">
      <Filter>Object</Filter>
    </ClCompile>
    <ClCompile Include="StageSelectScene.cpp">
      <Filter>Scene</Filter>
    </ClCompile>
    <ClCompile Include="Ankou.cpp">
      <Filter>Object</Filter>
    </ClCompile>
    <ClCompile Include="Kagamidai.cpp">
      <Filter>Object</Filter>
    </ClCompile>
    <ClCompile Include="Kairyu.cpp">
      <Filter>Object</Filter>
    </ClCompile>
    <ClCompile Include="Mendako.cpp">
      <Filter>Object</Filter>
    </ClCompile>
    <ClCompile Include="Onikinme.cpp">
      <Filter>Object</Filter>
    </ClCompile>
    <ClCompile Include="Trap.cpp">
      <Filter>Object</Filter>
    </ClCompile>
  </ItemGroup>
  <ItemGroup>
    <ClInclude Include="Input.h">
      <Filter>ヘッダー ファイル</Filter>
    </ClInclude>
    <ClInclude Include="SceneManager.h">
      <Filter>ヘッダー ファイル</Filter>
    </ClInclude>
    <ClInclude Include="GameScene.h">
      <Filter>Scene</Filter>
    </ClInclude>
    <ClInclude Include="ResultScene.h">
      <Filter>Scene</Filter>
    </ClInclude>
    <ClInclude Include="TitleScene.h">
      <Filter>Scene</Filter>
    </ClInclude>
    <ClInclude Include="direct3d.h">
      <Filter>DirectX</Filter>
    </ClInclude>
    <ClInclude Include="WICTextureLoader.h">
      <Filter>DirectX</Filter>
    </ClInclude>
    <ClInclude Include="Game.h">
      <Filter>ヘッダー ファイル</Filter>
    </ClInclude>
    <ClInclude Include="sound.h">
      <Filter>ヘッダー ファイル</Filter>
    </ClInclude>
    <ClInclude Include="BaseScene.h">
      <Filter>Scene\BaseScene</Filter>
    </ClInclude>
    <ClInclude Include="mapfile.h">
      <Filter>ヘッダー ファイル</Filter>
    </ClInclude>
    <ClInclude Include="TextureManager.h">
      <Filter>ヘッダー ファイル</Filter>
    </ClInclude>
    <ClInclude Include="Object.h">
      <Filter>Object</Filter>
    </ClInclude>
    <ClInclude Include="Player.h">
      <Filter>Object</Filter>
    </ClInclude>
    <ClInclude Include="Wall.h">
      <Filter>Object</Filter>
    </ClInclude>
    <ClInclude Include="Enemy.h">
      <Filter>Object</Filter>
    </ClInclude>
    <ClInclude Include="Light.h">
      <Filter>Object</Filter>
    </ClInclude>
    <ClInclude Include="StageSelectScene.h">
      <Filter>Scene</Filter>
    </ClInclude>
    <ClInclude Include="Ankou.h">
      <Filter>Object</Filter>
    </ClInclude>
    <ClInclude Include="Kagamidai.h">
      <Filter>Object</Filter>
    </ClInclude>
    <ClInclude Include="Kairyu.h">
      <Filter>Object</Filter>
    </ClInclude>
    <ClInclude Include="Mendako.h">
      <Filter>Object</Filter>
    </ClInclude>
    <ClInclude Include="Onikinme.h">
      <Filter>Object</Filter>
    </ClInclude>
    <ClInclude Include="Trap.h">
      <Filter>Object</Filter>
    </ClInclude>
  </ItemGroup>
  <ItemGroup>
    <FxCompile Include="PixelShader.hlsl">
      <Filter>リソース ファイル</Filter>
    </FxCompile>
    <FxCompile Include="VertexShader.hlsl">
      <Filter>リソース ファイル</Filter>
    </FxCompile>
  </ItemGroup>
  <ItemGroup>
    <None Include="Data\Map1.csv">
      <Filter>リソース ファイル</Filter>
    </None>
    <None Include="Data\Map2.csv">
      <Filter>リソース ファイル</Filter>
    </None>
    <None Include="Data\Map3.csv">
      <Filter>リソース ファイル</Filter>
    </None>
    <None Include="Data\Map4.csv">
      <Filter>リソース ファイル</Filter>
    </None>
    <None Include="Data\Map5.csv">
      <Filter>リソース ファイル</Filter>
    </None>
    <None Include="Data\Map6.csv">
      <Filter>リソース ファイル</Filter>
    </None>
    <None Include="Data\Map7.csv">
      <Filter>リソース ファイル</Filter>
    </None>
    <None Include="Data\Map8.csv">
      <Filter>リソース ファイル</Filter>
    </None>
    <None Include="Data\TestData.csv">
      <Filter>リソース ファイル</Filter>
    </None>
  </ItemGroup>
</Project>